
Microsoft Visual Studio Solution File, Format Version 12.00
# Visual Studio Version 16
VisualStudioVersion = 16.0.30011.22
MinimumVisualStudioVersion = 10.0.40219.1
Project("{2150E333-8FDC-42A3-9474-1A3956D46DE8}") = "1_Presentation", "1_Presentation", "{688F8327-4DB6-4F3F-A87B-21C94DC72D21}"
EndProject
Project("{9A19103F-16F7-4668-BE54-9A1E7A4F7556}") = "SchoolManager.Presentation.WebAPI", "SchoolManager.Presentation.WebAPI\SchoolManager.Presentation.WebAPI.csproj", "{EAA06FBC-C328-4A46-9EAA-6628DD7C2046}"
EndProject
Project("{2150E333-8FDC-42A3-9474-1A3956D46DE8}") = "2_Application", "2_Application", "{89B400C8-A9CB-496F-ABE9-BEDAD8FB837E}"
EndProject
Project("{2150E333-8FDC-42A3-9474-1A3956D46DE8}") = "3_Domain", "3_Domain", "{80B37F25-A949-4B04-8BFD-B36DC3465391}"
EndProject
Project("{2150E333-8FDC-42A3-9474-1A3956D46DE8}") = "4_InfraStructure", "4_InfraStructure", "{13F1670E-53AD-4FF3-A3EF-920615A2B4A1}"
EndProject
Project("{2150E333-8FDC-42A3-9474-1A3956D46DE8}") = "4.1_Data", "4.1_Data", "{93CDA6AA-9F3F-4F0E-A826-68FC86203381}"
EndProject
Project("{9A19103F-16F7-4668-BE54-9A1E7A4F7556}") = "SchoolManager.Application.Service", "SchoolManager.Application.Service\SchoolManager.Application.Service.csproj", "{23F9F698-31A0-4678-8F85-8DC5D068AA3A}"
EndProject
Project("{9A19103F-16F7-4668-BE54-9A1E7A4F7556}") = "SchoolManager.Domain.Model", "SchoolManager.Domain.Model\SchoolManager.Domain.Model.csproj", "{3729C09A-95AD-45F1-81B3-7433E693B323}"
EndProject
Project("{9A19103F-16F7-4668-BE54-9A1E7A4F7556}") = "SchoolManager.InfraStructure.Repository", "SchoolManager.InfraStructure.Repository\SchoolManager.InfraStructure.Repository.csproj", "{993A54A2-C874-41AC-8BE1-DBCBFB52BC00}"
EndProject
Project("{9A19103F-16F7-4668-BE54-9A1E7A4F7556}") = "SchoolManager.InfraStructure.EFProvider", "SchoolManager.InfraStructure.EFProvider\SchoolManager.InfraStructure.EFProvider.csproj", "{666DF5A2-71C9-42A6-BAA4-5123500B7081}"
EndProject
Project("{9A19103F-16F7-4668-BE54-9A1E7A4F7556}") = "SchoolManager.InfraStructure.Data", "SchoolManager.InfraStructure.Data\SchoolManager.InfraStructure.Data.csproj", "{0319B7D3-9733-4895-A0B0-E7FB86F59804}"
EndProject
Project("{9A19103F-16F7-4668-BE54-9A1E7A4F7556}") = "SchoolManager.InfraStructure.MockProvider", "SchoolManager.InfraStructure.MockProvider\SchoolManager.InfraStructure.MockProvider.csproj", "{59F87CE5-797F-4F69-9A40-2B89FA41DF7E}"
EndProject
Project("{FAE04EC0-301F-11D3-BF4B-00C04F79EFBC}") = "SchoolManager.Domain", "SchoolManager.Domain\SchoolManager.Domain.csproj", "{897B292C-FE24-4092-A62D-867F7BB72F53}"
EndProject
Global
	GlobalSection(SolutionConfigurationPlatforms) = preSolution
		Debug|Any CPU = Debug|Any CPU
		Release|Any CPU = Release|Any CPU
	EndGlobalSection
	GlobalSection(ProjectConfigurationPlatforms) = postSolution
		{EAA06FBC-C328-4A46-9EAA-6628DD7C2046}.Debug|Any CPU.ActiveCfg = Debug|Any CPU
		{EAA06FBC-C328-4A46-9EAA-6628DD7C2046}.Debug|Any CPU.Build.0 = Debug|Any CPU
		{EAA06FBC-C328-4A46-9EAA-6628DD7C2046}.Release|Any CPU.ActiveCfg = Release|Any CPU
		{EAA06FBC-C328-4A46-9EAA-6628DD7C2046}.Release|Any CPU.Build.0 = Release|Any CPU
		{23F9F698-31A0-4678-8F85-8DC5D068AA3A}.Debug|Any CPU.ActiveCfg = Debug|Any CPU
		{23F9F698-31A0-4678-8F85-8DC5D068AA3A}.Debug|Any CPU.Build.0 = Debug|Any CPU
		{23F9F698-31A0-4678-8F85-8DC5D068AA3A}.Release|Any CPU.ActiveCfg = Release|Any CPU
		{23F9F698-31A0-4678-8F85-8DC5D068AA3A}.Release|Any CPU.Build.0 = Release|Any CPU
		{3729C09A-95AD-45F1-81B3-7433E693B323}.Debug|Any CPU.ActiveCfg = Debug|Any CPU
		{3729C09A-95AD-45F1-81B3-7433E693B323}.Debug|Any CPU.Build.0 = Debug|Any CPU
		{3729C09A-95AD-45F1-81B3-7433E693B323}.Release|Any CPU.ActiveCfg = Release|Any CPU
		{3729C09A-95AD-45F1-81B3-7433E693B323}.Release|Any CPU.Build.0 = Release|Any CPU
		{993A54A2-C874-41AC-8BE1-DBCBFB52BC00}.Debug|Any CPU.ActiveCfg = Debug|Any CPU
		{993A54A2-C874-41AC-8BE1-DBCBFB52BC00}.Debug|Any CPU.Build.0 = Debug|Any CPU
		{993A54A2-C874-41AC-8BE1-DBCBFB52BC00}.Release|Any CPU.ActiveCfg = Release|Any CPU
		{993A54A2-C874-41AC-8BE1-DBCBFB52BC00}.Release|Any CPU.Build.0 = Release|Any CPU
		{666DF5A2-71C9-42A6-BAA4-5123500B7081}.Debug|Any CPU.ActiveCfg = Debug|Any CPU
		{666DF5A2-71C9-42A6-BAA4-5123500B7081}.Debug|Any CPU.Build.0 = Debug|Any CPU
		{666DF5A2-71C9-42A6-BAA4-5123500B7081}.Release|Any CPU.ActiveCfg = Release|Any CPU
		{666DF5A2-71C9-42A6-BAA4-5123500B7081}.Release|Any CPU.Build.0 = Release|Any CPU
		{0319B7D3-9733-4895-A0B0-E7FB86F59804}.Debug|Any CPU.ActiveCfg = Debug|Any CPU
		{0319B7D3-9733-4895-A0B0-E7FB86F59804}.Debug|Any CPU.Build.0 = Debug|Any CPU
		{0319B7D3-9733-4895-A0B0-E7FB86F59804}.Release|Any CPU.ActiveCfg = Release|Any CPU
		{0319B7D3-9733-4895-A0B0-E7FB86F59804}.Release|Any CPU.Build.0 = Release|Any CPU
		{59F87CE5-797F-4F69-9A40-2B89FA41DF7E}.Debug|Any CPU.ActiveCfg = Debug|Any CPU
		{59F87CE5-797F-4F69-9A40-2B89FA41DF7E}.Debug|Any CPU.Build.0 = Debug|Any CPU
		{59F87CE5-797F-4F69-9A40-2B89FA41DF7E}.Release|Any CPU.ActiveCfg = Release|Any CPU
		{59F87CE5-797F-4F69-9A40-2B89FA41DF7E}.Release|Any CPU.Build.0 = Release|Any CPU
		{897B292C-FE24-4092-A62D-867F7BB72F53}.Debug|Any CPU.ActiveCfg = Debug|Any CPU
		{897B292C-FE24-4092-A62D-867F7BB72F53}.Debug|Any CPU.Build.0 = Debug|Any CPU
		{897B292C-FE24-4092-A62D-867F7BB72F53}.Release|Any CPU.ActiveCfg = Release|Any CPU
		{897B292C-FE24-4092-A62D-867F7BB72F53}.Release|Any CPU.Build.0 = Release|Any CPU
	EndGlobalSection
	GlobalSection(SolutionProperties) = preSolution
		HideSolutionNode = FALSE
	EndGlobalSection
	GlobalSection(NestedProjects) = preSolution
		{EAA06FBC-C328-4A46-9EAA-6628DD7C2046} = {688F8327-4DB6-4F3F-A87B-21C94DC72D21}
		{93CDA6AA-9F3F-4F0E-A826-68FC86203381} = {13F1670E-53AD-4FF3-A3EF-920615A2B4A1}
		{23F9F698-31A0-4678-8F85-8DC5D068AA3A} = {89B400C8-A9CB-496F-ABE9-BEDAD8FB837E}
		{3729C09A-95AD-45F1-81B3-7433E693B323} = {80B37F25-A949-4B04-8BFD-B36DC3465391}
		{993A54A2-C874-41AC-8BE1-DBCBFB52BC00} = {93CDA6AA-9F3F-4F0E-A826-68FC86203381}
		{666DF5A2-71C9-42A6-BAA4-5123500B7081} = {93CDA6AA-9F3F-4F0E-A826-68FC86203381}
		{0319B7D3-9733-4895-A0B0-E7FB86F59804} = {93CDA6AA-9F3F-4F0E-A826-68FC86203381}
		{59F87CE5-797F-4F69-9A40-2B89FA41DF7E} = {93CDA6AA-9F3F-4F0E-A826-68FC86203381}
		{897B292C-FE24-4092-A62D-867F7BB72F53} = {80B37F25-A949-4B04-8BFD-B36DC3465391}
	EndGlobalSection
	GlobalSection(ExtensibilityGlobals) = postSolution
		SolutionGuid = {AD15E99A-0F5B-4F52-B9F5-AFEFCC743B95}
	EndGlobalSection
EndGlobal
